# This file is autogenerated, do not edit; changes may be undone by the next 'dep ensure'.


[[projects]]
  name = "github.com/NYTimes/gziphandler"
  packages = ["."]
  revision = "2600fb119af974220d3916a5916d6e31176aac1b"
  version = "v1.0.1"

[[projects]]
  branch = "master"
  name = "github.com/ViBiOh/httputils"
  packages = [
    "pkg",
    "pkg/alcotest",
    "pkg/cert",
    "pkg/cors",
    "pkg/dump",
    "pkg/healthcheck",
    "pkg/httperror",
    "pkg/httpjson",
    "pkg/owasp",
    "pkg/pagination",
    "pkg/request",
    "pkg/server",
    "pkg/tools"
  ]
  revision = "6848f5b0ff1e3e4ba455b75691e80c066605b9c0"

[[projects]]
  name = "github.com/gorilla/websocket"
  packages = ["."]
  revision = "ea4d1f681babbce9545c9c5f3d5194a789c89f5b"
  version = "v1.2.0"

[solve-meta]
  analyzer-name = "dep"
  analyzer-version = 1
  inputs-digest = "1ae55be8888e8e6588a1a5975a14d4c8d3d57390e9bb074614d44926e5a50aa4"
  solver-name = "gps-cdcl"
  solver-version = 1
